
Microsoft Visual Studio Solution File, Format Version 12.00
# Visual Studio 15
VisualStudioVersion = 15.0.28307.106
MinimumVisualStudioVersion = 10.0.40219.1
Project("{2150E333-8FDC-42A3-9474-1A3956D46DE8}") = "RdvbWebApp", "RdvbWebApp", "{3EE6D79D-9C55-4A52-8A3B-75125E865FF7}"
EndProject
Project("{9A19103F-16F7-4668-BE54-9A1E7A4F7556}") = "RdvbDotNetCore", "RdvbDotNetCore\RdvbDotNetCore.csproj", "{06E08EE3-B2F5-467F-ADAC-5A909529DC8D}"
EndProject
Project("{9A19103F-16F7-4668-BE54-9A1E7A4F7556}") = "RdvbDotNetCoreRazor", "RdvbDotNetCoreRazor\RdvbDotNetCoreRazor.csproj", "{04EA64A2-F26D-4F22-AE58-7E9BCBC31199}"
EndProject
Project("{FAE04EC0-301F-11D3-BF4B-00C04F79EFBC}") = "Rdvb.RP.Lab", "Rdvb.RP.Lab\Rdvb.RP.Lab.csproj", "{D7A2E96C-CB9C-41A4-96E9-A400AC579F4F}"
EndProject
Project("{FAE04EC0-301F-11D3-BF4B-00C04F79EFBC}") = "WebApp1", "WebApp1\WebApp1.csproj", "{35DF3D4A-7240-456D-B6FE-EC5D8B2E2E93}"
EndProject
Global
	GlobalSection(SolutionConfigurationPlatforms) = preSolution
		Debug|Any CPU = Debug|Any CPU
		Release|Any CPU = Release|Any CPU
	EndGlobalSection
	GlobalSection(ProjectConfigurationPlatforms) = postSolution
		{06E08EE3-B2F5-467F-ADAC-5A909529DC8D}.Debug|Any CPU.ActiveCfg = Debug|Any CPU
		{06E08EE3-B2F5-467F-ADAC-5A909529DC8D}.Debug|Any CPU.Build.0 = Debug|Any CPU
		{06E08EE3-B2F5-467F-ADAC-5A909529DC8D}.Release|Any CPU.ActiveCfg = Release|Any CPU
		{06E08EE3-B2F5-467F-ADAC-5A909529DC8D}.Release|Any CPU.Build.0 = Release|Any CPU
		{04EA64A2-F26D-4F22-AE58-7E9BCBC31199}.Debug|Any CPU.ActiveCfg = Debug|Any CPU
		{04EA64A2-F26D-4F22-AE58-7E9BCBC31199}.Debug|Any CPU.Build.0 = Debug|Any CPU
		{04EA64A2-F26D-4F22-AE58-7E9BCBC31199}.Release|Any CPU.ActiveCfg = Release|Any CPU
		{04EA64A2-F26D-4F22-AE58-7E9BCBC31199}.Release|Any CPU.Build.0 = Release|Any CPU
		{D7A2E96C-CB9C-41A4-96E9-A400AC579F4F}.Debug|Any CPU.ActiveCfg = Debug|Any CPU
		{D7A2E96C-CB9C-41A4-96E9-A400AC579F4F}.Debug|Any CPU.Build.0 = Debug|Any CPU
		{D7A2E96C-CB9C-41A4-96E9-A400AC579F4F}.Release|Any CPU.ActiveCfg = Release|Any CPU
		{D7A2E96C-CB9C-41A4-96E9-A400AC579F4F}.Release|Any CPU.Build.0 = Release|Any CPU
		{35DF3D4A-7240-456D-B6FE-EC5D8B2E2E93}.Debug|Any CPU.ActiveCfg = Debug|Any CPU
		{35DF3D4A-7240-456D-B6FE-EC5D8B2E2E93}.Debug|Any CPU.Build.0 = Debug|Any CPU
		{35DF3D4A-7240-456D-B6FE-EC5D8B2E2E93}.Release|Any CPU.ActiveCfg = Release|Any CPU
		{35DF3D4A-7240-456D-B6FE-EC5D8B2E2E93}.Release|Any CPU.Build.0 = Release|Any CPU
	EndGlobalSection
	GlobalSection(SolutionProperties) = preSolution
		HideSolutionNode = FALSE
	EndGlobalSection
	GlobalSection(NestedProjects) = preSolution
		{06E08EE3-B2F5-467F-ADAC-5A909529DC8D} = {3EE6D79D-9C55-4A52-8A3B-75125E865FF7}
		{04EA64A2-F26D-4F22-AE58-7E9BCBC31199} = {3EE6D79D-9C55-4A52-8A3B-75125E865FF7}
		{D7A2E96C-CB9C-41A4-96E9-A400AC579F4F} = {3EE6D79D-9C55-4A52-8A3B-75125E865FF7}
		{35DF3D4A-7240-456D-B6FE-EC5D8B2E2E93} = {3EE6D79D-9C55-4A52-8A3B-75125E865FF7}
	EndGlobalSection
	GlobalSection(ExtensibilityGlobals) = postSolution
		SolutionGuid = {D4551E57-7419-40FE-8AE6-78658D030524}
	EndGlobalSection
EndGlobal
